
Microsoft Visual Studio Solution File, Format Version 12.00
# Visual Studio Version 16
VisualStudioVersion = 16.0.29519.181
MinimumVisualStudioVersion = 15.0.26124.0
Project("{9A19103F-16F7-4668-BE54-9A1E7A4F7556}") = "HelloWorld", "src\HelloWorld\HelloWorld.csproj", "{74135F78-51B4-4D85-8271-43C646D7322A}"
EndProject
Project("{9A19103F-16F7-4668-BE54-9A1E7A4F7556}") = "Strings", "src\Strings\Strings.csproj", "{20CB898D-B994-4A7B-AA3E-1D8D21ABD5A3}"
EndProject
Project("{9A19103F-16F7-4668-BE54-9A1E7A4F7556}") = "Variables", "src\Variables\Variables.csproj", "{B9A3AF8E-C46F-4E66-AFD8-A11468B3146C}"
EndProject
Project("{9A19103F-16F7-4668-BE54-9A1E7A4F7556}") = "AnonymousType", "src\AnonymousType\AnonymousType.csproj", "{F04A5299-0A03-455F-833E-133EDE2C1D57}"
EndProject
Project("{9A19103F-16F7-4668-BE54-9A1E7A4F7556}") = "DataTypes", "src\DataTypes\DataTypes.csproj", "{1779FC48-1C00-46DA-AD29-0ED5B8AAAE8C}"
EndProject
Project("{9A19103F-16F7-4668-BE54-9A1E7A4F7556}") = "DynamicType", "src\DynamicType\DynamicType.csproj", "{75F16C32-9585-4228-89BB-4920FCC57EDD}"
EndProject
Project("{9A19103F-16F7-4668-BE54-9A1E7A4F7556}") = "ImplicitlyType", "src\ImplicitlyType\ImplicitlyType.csproj", "{F570F546-D821-4DE1-8909-40714FFE7A4D}"
EndProject
Project("{9A19103F-16F7-4668-BE54-9A1E7A4F7556}") = "ProductSales", "src\ProductSales\ProductSales.csproj", "{7D8AFF15-B099-4108-A988-390937D7F350}"
EndProject
Project("{9A19103F-16F7-4668-BE54-9A1E7A4F7556}") = "ProjectClass", "src\ProjectClass\ProjectClass.csproj", "{642ADC23-C83A-4A91-A889-0ECB3EBBD46F}"
EndProject
Project("{9A19103F-16F7-4668-BE54-9A1E7A4F7556}") = "ProjectInterfaces", "src\ProjectInterfaces\ProjectInterfaces.csproj", "{90B0211B-D948-400D-825E-A7FC405932E3}"
EndProject
Project("{9A19103F-16F7-4668-BE54-9A1E7A4F7556}") = "ValueOfCar", "src\ValueOfCar\ValueOfCar.csproj", "{EC088ED7-5E41-46EE-84D0-650A6C9B54AA}"
EndProject
Project("{9A19103F-16F7-4668-BE54-9A1E7A4F7556}") = "ValueReferenceTypes", "src\ValueReferenceTypes\ValueReferenceTypes.csproj", "{CDC815BA-45DB-4F7A-A87F-C26E51EAE089}"
EndProject
Global
	GlobalSection(SolutionConfigurationPlatforms) = preSolution
		Debug|Any CPU = Debug|Any CPU
		Debug|x64 = Debug|x64
		Debug|x86 = Debug|x86
		Release|Any CPU = Release|Any CPU
		Release|x64 = Release|x64
		Release|x86 = Release|x86
	EndGlobalSection
	GlobalSection(ProjectConfigurationPlatforms) = postSolution
		{74135F78-51B4-4D85-8271-43C646D7322A}.Debug|Any CPU.ActiveCfg = Debug|Any CPU
		{74135F78-51B4-4D85-8271-43C646D7322A}.Debug|Any CPU.Build.0 = Debug|Any CPU
		{74135F78-51B4-4D85-8271-43C646D7322A}.Debug|x64.ActiveCfg = Debug|Any CPU
		{74135F78-51B4-4D85-8271-43C646D7322A}.Debug|x64.Build.0 = Debug|Any CPU
		{74135F78-51B4-4D85-8271-43C646D7322A}.Debug|x86.ActiveCfg = Debug|Any CPU
		{74135F78-51B4-4D85-8271-43C646D7322A}.Debug|x86.Build.0 = Debug|Any CPU
		{74135F78-51B4-4D85-8271-43C646D7322A}.Release|Any CPU.ActiveCfg = Release|Any CPU
		{74135F78-51B4-4D85-8271-43C646D7322A}.Release|Any CPU.Build.0 = Release|Any CPU
		{74135F78-51B4-4D85-8271-43C646D7322A}.Release|x64.ActiveCfg = Release|Any CPU
		{74135F78-51B4-4D85-8271-43C646D7322A}.Release|x64.Build.0 = Release|Any CPU
		{74135F78-51B4-4D85-8271-43C646D7322A}.Release|x86.ActiveCfg = Release|Any CPU
		{74135F78-51B4-4D85-8271-43C646D7322A}.Release|x86.Build.0 = Release|Any CPU
		{20CB898D-B994-4A7B-AA3E-1D8D21ABD5A3}.Debug|Any CPU.ActiveCfg = Debug|Any CPU
		{20CB898D-B994-4A7B-AA3E-1D8D21ABD5A3}.Debug|Any CPU.Build.0 = Debug|Any CPU
		{20CB898D-B994-4A7B-AA3E-1D8D21ABD5A3}.Debug|x64.ActiveCfg = Debug|Any CPU
		{20CB898D-B994-4A7B-AA3E-1D8D21ABD5A3}.Debug|x64.Build.0 = Debug|Any CPU
		{20CB898D-B994-4A7B-AA3E-1D8D21ABD5A3}.Debug|x86.ActiveCfg = Debug|Any CPU
		{20CB898D-B994-4A7B-AA3E-1D8D21ABD5A3}.Debug|x86.Build.0 = Debug|Any CPU
		{20CB898D-B994-4A7B-AA3E-1D8D21ABD5A3}.Release|Any CPU.ActiveCfg = Release|Any CPU
		{20CB898D-B994-4A7B-AA3E-1D8D21ABD5A3}.Release|Any CPU.Build.0 = Release|Any CPU
		{20CB898D-B994-4A7B-AA3E-1D8D21ABD5A3}.Release|x64.ActiveCfg = Release|Any CPU
		{20CB898D-B994-4A7B-AA3E-1D8D21ABD5A3}.Release|x64.Build.0 = Release|Any CPU
		{20CB898D-B994-4A7B-AA3E-1D8D21ABD5A3}.Release|x86.ActiveCfg = Release|Any CPU
		{20CB898D-B994-4A7B-AA3E-1D8D21ABD5A3}.Release|x86.Build.0 = Release|Any CPU
		{B9A3AF8E-C46F-4E66-AFD8-A11468B3146C}.Debug|Any CPU.ActiveCfg = Debug|Any CPU
		{B9A3AF8E-C46F-4E66-AFD8-A11468B3146C}.Debug|Any CPU.Build.0 = Debug|Any CPU
		{B9A3AF8E-C46F-4E66-AFD8-A11468B3146C}.Debug|x64.ActiveCfg = Debug|Any CPU
		{B9A3AF8E-C46F-4E66-AFD8-A11468B3146C}.Debug|x64.Build.0 = Debug|Any CPU
		{B9A3AF8E-C46F-4E66-AFD8-A11468B3146C}.Debug|x86.ActiveCfg = Debug|Any CPU
		{B9A3AF8E-C46F-4E66-AFD8-A11468B3146C}.Debug|x86.Build.0 = Debug|Any CPU
		{B9A3AF8E-C46F-4E66-AFD8-A11468B3146C}.Release|Any CPU.ActiveCfg = Release|Any CPU
		{B9A3AF8E-C46F-4E66-AFD8-A11468B3146C}.Release|Any CPU.Build.0 = Release|Any CPU
		{B9A3AF8E-C46F-4E66-AFD8-A11468B3146C}.Release|x64.ActiveCfg = Release|Any CPU
		{B9A3AF8E-C46F-4E66-AFD8-A11468B3146C}.Release|x64.Build.0 = Release|Any CPU
		{B9A3AF8E-C46F-4E66-AFD8-A11468B3146C}.Release|x86.ActiveCfg = Release|Any CPU
		{B9A3AF8E-C46F-4E66-AFD8-A11468B3146C}.Release|x86.Build.0 = Release|Any CPU
		{F04A5299-0A03-455F-833E-133EDE2C1D57}.Debug|Any CPU.ActiveCfg = Debug|Any CPU
		{F04A5299-0A03-455F-833E-133EDE2C1D57}.Debug|Any CPU.Build.0 = Debug|Any CPU
		{F04A5299-0A03-455F-833E-133EDE2C1D57}.Debug|x64.ActiveCfg = Debug|Any CPU
		{F04A5299-0A03-455F-833E-133EDE2C1D57}.Debug|x64.Build.0 = Debug|Any CPU
		{F04A5299-0A03-455F-833E-133EDE2C1D57}.Debug|x86.ActiveCfg = Debug|Any CPU
		{F04A5299-0A03-455F-833E-133EDE2C1D57}.Debug|x86.Build.0 = Debug|Any CPU
		{F04A5299-0A03-455F-833E-133EDE2C1D57}.Release|Any CPU.ActiveCfg = Release|Any CPU
		{F04A5299-0A03-455F-833E-133EDE2C1D57}.Release|Any CPU.Build.0 = Release|Any CPU
		{F04A5299-0A03-455F-833E-133EDE2C1D57}.Release|x64.ActiveCfg = Release|Any CPU
		{F04A5299-0A03-455F-833E-133EDE2C1D57}.Release|x64.Build.0 = Release|Any CPU
		{F04A5299-0A03-455F-833E-133EDE2C1D57}.Release|x86.ActiveCfg = Release|Any CPU
		{F04A5299-0A03-455F-833E-133EDE2C1D57}.Release|x86.Build.0 = Release|Any CPU
		{1779FC48-1C00-46DA-AD29-0ED5B8AAAE8C}.Debug|Any CPU.ActiveCfg = Debug|Any CPU
		{1779FC48-1C00-46DA-AD29-0ED5B8AAAE8C}.Debug|Any CPU.Build.0 = Debug|Any CPU
		{1779FC48-1C00-46DA-AD29-0ED5B8AAAE8C}.Debug|x64.ActiveCfg = Debug|Any CPU
		{1779FC48-1C00-46DA-AD29-0ED5B8AAAE8C}.Debug|x64.Build.0 = Debug|Any CPU
		{1779FC48-1C00-46DA-AD29-0ED5B8AAAE8C}.Debug|x86.ActiveCfg = Debug|Any CPU
		{1779FC48-1C00-46DA-AD29-0ED5B8AAAE8C}.Debug|x86.Build.0 = Debug|Any CPU
		{1779FC48-1C00-46DA-AD29-0ED5B8AAAE8C}.Release|Any CPU.ActiveCfg = Release|Any CPU
		{1779FC48-1C00-46DA-AD29-0ED5B8AAAE8C}.Release|Any CPU.Build.0 = Release|Any CPU
		{1779FC48-1C00-46DA-AD29-0ED5B8AAAE8C}.Release|x64.ActiveCfg = Release|Any CPU
		{1779FC48-1C00-46DA-AD29-0ED5B8AAAE8C}.Release|x64.Build.0 = Release|Any CPU
		{1779FC48-1C00-46DA-AD29-0ED5B8AAAE8C}.Release|x86.ActiveCfg = Release|Any CPU
		{1779FC48-1C00-46DA-AD29-0ED5B8AAAE8C}.Release|x86.Build.0 = Release|Any CPU
		{75F16C32-9585-4228-89BB-4920FCC57EDD}.Debug|Any CPU.ActiveCfg = Debug|Any CPU
		{75F16C32-9585-4228-89BB-4920FCC57EDD}.Debug|Any CPU.Build.0 = Debug|Any CPU
		{75F16C32-9585-4228-89BB-4920FCC57EDD}.Debug|x64.ActiveCfg = Debug|Any CPU
		{75F16C32-9585-4228-89BB-4920FCC57EDD}.Debug|x64.Build.0 = Debug|Any CPU
		{75F16C32-9585-4228-89BB-4920FCC57EDD}.Debug|x86.ActiveCfg = Debug|Any CPU
		{75F16C32-9585-4228-89BB-4920FCC57EDD}.Debug|x86.Build.0 = Debug|Any CPU
		{75F16C32-9585-4228-89BB-4920FCC57EDD}.Release|Any CPU.ActiveCfg = Release|Any CPU
		{75F16C32-9585-4228-89BB-4920FCC57EDD}.Release|Any CPU.Build.0 = Release|Any CPU
		{75F16C32-9585-4228-89BB-4920FCC57EDD}.Release|x64.ActiveCfg = Release|Any CPU
		{75F16C32-9585-4228-89BB-4920FCC57EDD}.Release|x64.Build.0 = Release|Any CPU
		{75F16C32-9585-4228-89BB-4920FCC57EDD}.Release|x86.ActiveCfg = Release|Any CPU
		{75F16C32-9585-4228-89BB-4920FCC57EDD}.Release|x86.Build.0 = Release|Any CPU
		{F570F546-D821-4DE1-8909-40714FFE7A4D}.Debug|Any CPU.ActiveCfg = Debug|Any CPU
		{F570F546-D821-4DE1-8909-40714FFE7A4D}.Debug|Any CPU.Build.0 = Debug|Any CPU
		{F570F546-D821-4DE1-8909-40714FFE7A4D}.Debug|x64.ActiveCfg = Debug|Any CPU
		{F570F546-D821-4DE1-8909-40714FFE7A4D}.Debug|x64.Build.0 = Debug|Any CPU
		{F570F546-D821-4DE1-8909-40714FFE7A4D}.Debug|x86.ActiveCfg = Debug|Any CPU
		{F570F546-D821-4DE1-8909-40714FFE7A4D}.Debug|x86.Build.0 = Debug|Any CPU
		{F570F546-D821-4DE1-8909-40714FFE7A4D}.Release|Any CPU.ActiveCfg = Release|Any CPU
		{F570F546-D821-4DE1-8909-40714FFE7A4D}.Release|Any CPU.Build.0 = Release|Any CPU
		{F570F546-D821-4DE1-8909-40714FFE7A4D}.Release|x64.ActiveCfg = Release|Any CPU
		{F570F546-D821-4DE1-8909-40714FFE7A4D}.Release|x64.Build.0 = Release|Any CPU
		{F570F546-D821-4DE1-8909-40714FFE7A4D}.Release|x86.ActiveCfg = Release|Any CPU
		{F570F546-D821-4DE1-8909-40714FFE7A4D}.Release|x86.Build.0 = Release|Any CPU
		{7D8AFF15-B099-4108-A988-390937D7F350}.Debug|Any CPU.ActiveCfg = Debug|Any CPU
		{7D8AFF15-B099-4108-A988-390937D7F350}.Debug|Any CPU.Build.0 = Debug|Any CPU
		{7D8AFF15-B099-4108-A988-390937D7F350}.Debug|x64.ActiveCfg = Debug|Any CPU
		{7D8AFF15-B099-4108-A988-390937D7F350}.Debug|x64.Build.0 = Debug|Any CPU
		{7D8AFF15-B099-4108-A988-390937D7F350}.Debug|x86.ActiveCfg = Debug|Any CPU
		{7D8AFF15-B099-4108-A988-390937D7F350}.Debug|x86.Build.0 = Debug|Any CPU
		{7D8AFF15-B099-4108-A988-390937D7F350}.Release|Any CPU.ActiveCfg = Release|Any CPU
		{7D8AFF15-B099-4108-A988-390937D7F350}.Release|Any CPU.Build.0 = Release|Any CPU
		{7D8AFF15-B099-4108-A988-390937D7F350}.Release|x64.ActiveCfg = Release|Any CPU
		{7D8AFF15-B099-4108-A988-390937D7F350}.Release|x64.Build.0 = Release|Any CPU
		{7D8AFF15-B099-4108-A988-390937D7F350}.Release|x86.ActiveCfg = Release|Any CPU
		{7D8AFF15-B099-4108-A988-390937D7F350}.Release|x86.Build.0 = Release|Any CPU
		{642ADC23-C83A-4A91-A889-0ECB3EBBD46F}.Debug|Any CPU.ActiveCfg = Debug|Any CPU
		{642ADC23-C83A-4A91-A889-0ECB3EBBD46F}.Debug|Any CPU.Build.0 = Debug|Any CPU
		{642ADC23-C83A-4A91-A889-0ECB3EBBD46F}.Debug|x64.ActiveCfg = Debug|Any CPU
		{642ADC23-C83A-4A91-A889-0ECB3EBBD46F}.Debug|x64.Build.0 = Debug|Any CPU
		{642ADC23-C83A-4A91-A889-0ECB3EBBD46F}.Debug|x86.ActiveCfg = Debug|Any CPU
		{642ADC23-C83A-4A91-A889-0ECB3EBBD46F}.Debug|x86.Build.0 = Debug|Any CPU
		{642ADC23-C83A-4A91-A889-0ECB3EBBD46F}.Release|Any CPU.ActiveCfg = Release|Any CPU
		{642ADC23-C83A-4A91-A889-0ECB3EBBD46F}.Release|Any CPU.Build.0 = Release|Any CPU
		{642ADC23-C83A-4A91-A889-0ECB3EBBD46F}.Release|x64.ActiveCfg = Release|Any CPU
		{642ADC23-C83A-4A91-A889-0ECB3EBBD46F}.Release|x64.Build.0 = Release|Any CPU
		{642ADC23-C83A-4A91-A889-0ECB3EBBD46F}.Release|x86.ActiveCfg = Release|Any CPU
		{642ADC23-C83A-4A91-A889-0ECB3EBBD46F}.Release|x86.Build.0 = Release|Any CPU
		{90B0211B-D948-400D-825E-A7FC405932E3}.Debug|Any CPU.ActiveCfg = Debug|Any CPU
		{90B0211B-D948-400D-825E-A7FC405932E3}.Debug|Any CPU.Build.0 = Debug|Any CPU
		{90B0211B-D948-400D-825E-A7FC405932E3}.Debug|x64.ActiveCfg = Debug|Any CPU
		{90B0211B-D948-400D-825E-A7FC405932E3}.Debug|x64.Build.0 = Debug|Any CPU
		{90B0211B-D948-400D-825E-A7FC405932E3}.Debug|x86.ActiveCfg = Debug|Any CPU
		{90B0211B-D948-400D-825E-A7FC405932E3}.Debug|x86.Build.0 = Debug|Any CPU
		{90B0211B-D948-400D-825E-A7FC405932E3}.Release|Any CPU.ActiveCfg = Release|Any CPU
		{90B0211B-D948-400D-825E-A7FC405932E3}.Release|Any CPU.Build.0 = Release|Any CPU
		{90B0211B-D948-400D-825E-A7FC405932E3}.Release|x64.ActiveCfg = Release|Any CPU
		{90B0211B-D948-400D-825E-A7FC405932E3}.Release|x64.Build.0 = Release|Any CPU
		{90B0211B-D948-400D-825E-A7FC405932E3}.Release|x86.ActiveCfg = Release|Any CPU
		{90B0211B-D948-400D-825E-A7FC405932E3}.Release|x86.Build.0 = Release|Any CPU
		{EC088ED7-5E41-46EE-84D0-650A6C9B54AA}.Debug|Any CPU.ActiveCfg = Debug|Any CPU
		{EC088ED7-5E41-46EE-84D0-650A6C9B54AA}.Debug|Any CPU.Build.0 = Debug|Any CPU
		{EC088ED7-5E41-46EE-84D0-650A6C9B54AA}.Debug|x64.ActiveCfg = Debug|Any CPU
		{EC088ED7-5E41-46EE-84D0-650A6C9B54AA}.Debug|x64.Build.0 = Debug|Any CPU
		{EC088ED7-5E41-46EE-84D0-650A6C9B54AA}.Debug|x86.ActiveCfg = Debug|Any CPU
		{EC088ED7-5E41-46EE-84D0-650A6C9B54AA}.Debug|x86.Build.0 = Debug|Any CPU
		{EC088ED7-5E41-46EE-84D0-650A6C9B54AA}.Release|Any CPU.ActiveCfg = Release|Any CPU
		{EC088ED7-5E41-46EE-84D0-650A6C9B54AA}.Release|Any CPU.Build.0 = Release|Any CPU
		{EC088ED7-5E41-46EE-84D0-650A6C9B54AA}.Release|x64.ActiveCfg = Release|Any CPU
		{EC088ED7-5E41-46EE-84D0-650A6C9B54AA}.Release|x64.Build.0 = Release|Any CPU
		{EC088ED7-5E41-46EE-84D0-650A6C9B54AA}.Release|x86.ActiveCfg = Release|Any CPU
		{EC088ED7-5E41-46EE-84D0-650A6C9B54AA}.Release|x86.Build.0 = Release|Any CPU
		{CDC815BA-45DB-4F7A-A87F-C26E51EAE089}.Debug|Any CPU.ActiveCfg = Debug|Any CPU
		{CDC815BA-45DB-4F7A-A87F-C26E51EAE089}.Debug|Any CPU.Build.0 = Debug|Any CPU
		{CDC815BA-45DB-4F7A-A87F-C26E51EAE089}.Debug|x64.ActiveCfg = Debug|Any CPU
		{CDC815BA-45DB-4F7A-A87F-C26E51EAE089}.Debug|x64.Build.0 = Debug|Any CPU
		{CDC815BA-45DB-4F7A-A87F-C26E51EAE089}.Debug|x86.ActiveCfg = Debug|Any CPU
		{CDC815BA-45DB-4F7A-A87F-C26E51EAE089}.Debug|x86.Build.0 = Debug|Any CPU
		{CDC815BA-45DB-4F7A-A87F-C26E51EAE089}.Release|Any CPU.ActiveCfg = Release|Any CPU
		{CDC815BA-45DB-4F7A-A87F-C26E51EAE089}.Release|Any CPU.Build.0 = Release|Any CPU
		{CDC815BA-45DB-4F7A-A87F-C26E51EAE089}.Release|x64.ActiveCfg = Release|Any CPU
		{CDC815BA-45DB-4F7A-A87F-C26E51EAE089}.Release|x64.Build.0 = Release|Any CPU
		{CDC815BA-45DB-4F7A-A87F-C26E51EAE089}.Release|x86.ActiveCfg = Release|Any CPU
		{CDC815BA-45DB-4F7A-A87F-C26E51EAE089}.Release|x86.Build.0 = Release|Any CPU
	EndGlobalSection
	GlobalSection(SolutionProperties) = preSolution
		HideSolutionNode = FALSE
	EndGlobalSection
	GlobalSection(ExtensibilityGlobals) = postSolution
		SolutionGuid = {70C59F86-E282-486A-AD71-CA485927C66F}
	EndGlobalSection
EndGlobal
