
Microsoft Visual Studio Solution File, Format Version 12.00
# Visual Studio Version 16
VisualStudioVersion = 16.0.29519.181
MinimumVisualStudioVersion = 15.0.26124.0
Project("{2150E333-8FDC-42A3-9474-1A3956D46DE8}") = "ConsoleApps", "ConsoleApps", "{408C8D11-F8BC-4DBF-A46E-B16263A7A7EE}"
EndProject
Project("{9A19103F-16F7-4668-BE54-9A1E7A4F7556}") = "AnonymousType", "src\ConsoleApps\AnonymousType\AnonymousType.csproj", "{23B00BC5-EA6F-4065-9C46-D847A96EF7E1}"
EndProject
Project("{9A19103F-16F7-4668-BE54-9A1E7A4F7556}") = "DataTypes", "src\ConsoleApps\DataTypes\DataTypes.csproj", "{8DA9C45B-BB91-430D-88A7-D940E92764E6}"
EndProject
Project("{9A19103F-16F7-4668-BE54-9A1E7A4F7556}") = "DynamicType", "src\ConsoleApps\DynamicType\DynamicType.csproj", "{6C52B78A-B7CC-4447-8B8C-E5DC5ED87748}"
EndProject
Project("{9A19103F-16F7-4668-BE54-9A1E7A4F7556}") = "HelloWorld", "src\ConsoleApps\HelloWorld\HelloWorld.csproj", "{17E0687F-A4FB-4D61-8A68-99BDEE893E7C}"
EndProject
Project("{9A19103F-16F7-4668-BE54-9A1E7A4F7556}") = "ImplicitlyType", "src\ConsoleApps\ImplicitlyType\ImplicitlyType.csproj", "{967094FD-CBE3-4A5D-BBF1-E2C8B1995A23}"
EndProject
Project("{9A19103F-16F7-4668-BE54-9A1E7A4F7556}") = "ProductSales", "src\ConsoleApps\ProductSales\ProductSales.csproj", "{4D5601C0-0938-4A1B-B8B7-B5ACFDAFFAB0}"
EndProject
Project("{9A19103F-16F7-4668-BE54-9A1E7A4F7556}") = "ProjectClass", "src\ConsoleApps\ProjectClass\ProjectClass.csproj", "{144D0FCB-87A7-4B73-BF6C-C31565FB9BA8}"
EndProject
Project("{9A19103F-16F7-4668-BE54-9A1E7A4F7556}") = "ProjectInterfaces", "src\ConsoleApps\ProjectInterfaces\ProjectInterfaces.csproj", "{5450096F-EB35-4BA7-A1C7-E17C890C9657}"
EndProject
Project("{9A19103F-16F7-4668-BE54-9A1E7A4F7556}") = "Strings", "src\ConsoleApps\Strings\Strings.csproj", "{0824E5E6-D262-4AEB-8AE7-069D0B7396D5}"
EndProject
Project("{9A19103F-16F7-4668-BE54-9A1E7A4F7556}") = "ValueOfCar", "src\ConsoleApps\ValueOfCar\ValueOfCar.csproj", "{981D4E7B-6EAD-4C00-91DF-30F279501676}"
EndProject
Project("{9A19103F-16F7-4668-BE54-9A1E7A4F7556}") = "ValueReferenceTypes", "src\ConsoleApps\ValueReferenceTypes\ValueReferenceTypes.csproj", "{6F41FE0C-096E-4046-9D56-1EBFA8F1E083}"
EndProject
Project("{9A19103F-16F7-4668-BE54-9A1E7A4F7556}") = "Variables", "src\ConsoleApps\Variables\Variables.csproj", "{1AE0F09E-C740-4D5A-9013-C2269738A92A}"
EndProject
Global
	GlobalSection(SolutionConfigurationPlatforms) = preSolution
		Debug|Any CPU = Debug|Any CPU
		Release|Any CPU = Release|Any CPU
	EndGlobalSection
	GlobalSection(ProjectConfigurationPlatforms) = postSolution
		{23B00BC5-EA6F-4065-9C46-D847A96EF7E1}.Debug|Any CPU.ActiveCfg = Debug|Any CPU
		{23B00BC5-EA6F-4065-9C46-D847A96EF7E1}.Debug|Any CPU.Build.0 = Debug|Any CPU
		{23B00BC5-EA6F-4065-9C46-D847A96EF7E1}.Release|Any CPU.ActiveCfg = Release|Any CPU
		{23B00BC5-EA6F-4065-9C46-D847A96EF7E1}.Release|Any CPU.Build.0 = Release|Any CPU
		{8DA9C45B-BB91-430D-88A7-D940E92764E6}.Debug|Any CPU.ActiveCfg = Debug|Any CPU
		{8DA9C45B-BB91-430D-88A7-D940E92764E6}.Debug|Any CPU.Build.0 = Debug|Any CPU
		{8DA9C45B-BB91-430D-88A7-D940E92764E6}.Release|Any CPU.ActiveCfg = Release|Any CPU
		{8DA9C45B-BB91-430D-88A7-D940E92764E6}.Release|Any CPU.Build.0 = Release|Any CPU
		{6C52B78A-B7CC-4447-8B8C-E5DC5ED87748}.Debug|Any CPU.ActiveCfg = Debug|Any CPU
		{6C52B78A-B7CC-4447-8B8C-E5DC5ED87748}.Debug|Any CPU.Build.0 = Debug|Any CPU
		{6C52B78A-B7CC-4447-8B8C-E5DC5ED87748}.Release|Any CPU.ActiveCfg = Release|Any CPU
		{6C52B78A-B7CC-4447-8B8C-E5DC5ED87748}.Release|Any CPU.Build.0 = Release|Any CPU
		{17E0687F-A4FB-4D61-8A68-99BDEE893E7C}.Debug|Any CPU.ActiveCfg = Debug|Any CPU
		{17E0687F-A4FB-4D61-8A68-99BDEE893E7C}.Debug|Any CPU.Build.0 = Debug|Any CPU
		{17E0687F-A4FB-4D61-8A68-99BDEE893E7C}.Release|Any CPU.ActiveCfg = Release|Any CPU
		{17E0687F-A4FB-4D61-8A68-99BDEE893E7C}.Release|Any CPU.Build.0 = Release|Any CPU
		{967094FD-CBE3-4A5D-BBF1-E2C8B1995A23}.Debug|Any CPU.ActiveCfg = Debug|Any CPU
		{967094FD-CBE3-4A5D-BBF1-E2C8B1995A23}.Debug|Any CPU.Build.0 = Debug|Any CPU
		{967094FD-CBE3-4A5D-BBF1-E2C8B1995A23}.Release|Any CPU.ActiveCfg = Release|Any CPU
		{967094FD-CBE3-4A5D-BBF1-E2C8B1995A23}.Release|Any CPU.Build.0 = Release|Any CPU
		{4D5601C0-0938-4A1B-B8B7-B5ACFDAFFAB0}.Debug|Any CPU.ActiveCfg = Debug|Any CPU
		{4D5601C0-0938-4A1B-B8B7-B5ACFDAFFAB0}.Debug|Any CPU.Build.0 = Debug|Any CPU
		{4D5601C0-0938-4A1B-B8B7-B5ACFDAFFAB0}.Release|Any CPU.ActiveCfg = Release|Any CPU
		{4D5601C0-0938-4A1B-B8B7-B5ACFDAFFAB0}.Release|Any CPU.Build.0 = Release|Any CPU
		{144D0FCB-87A7-4B73-BF6C-C31565FB9BA8}.Debug|Any CPU.ActiveCfg = Debug|Any CPU
		{144D0FCB-87A7-4B73-BF6C-C31565FB9BA8}.Debug|Any CPU.Build.0 = Debug|Any CPU
		{144D0FCB-87A7-4B73-BF6C-C31565FB9BA8}.Release|Any CPU.ActiveCfg = Release|Any CPU
		{144D0FCB-87A7-4B73-BF6C-C31565FB9BA8}.Release|Any CPU.Build.0 = Release|Any CPU
		{5450096F-EB35-4BA7-A1C7-E17C890C9657}.Debug|Any CPU.ActiveCfg = Debug|Any CPU
		{5450096F-EB35-4BA7-A1C7-E17C890C9657}.Debug|Any CPU.Build.0 = Debug|Any CPU
		{5450096F-EB35-4BA7-A1C7-E17C890C9657}.Release|Any CPU.ActiveCfg = Release|Any CPU
		{5450096F-EB35-4BA7-A1C7-E17C890C9657}.Release|Any CPU.Build.0 = Release|Any CPU
		{0824E5E6-D262-4AEB-8AE7-069D0B7396D5}.Debug|Any CPU.ActiveCfg = Debug|Any CPU
		{0824E5E6-D262-4AEB-8AE7-069D0B7396D5}.Debug|Any CPU.Build.0 = Debug|Any CPU
		{0824E5E6-D262-4AEB-8AE7-069D0B7396D5}.Release|Any CPU.ActiveCfg = Release|Any CPU
		{0824E5E6-D262-4AEB-8AE7-069D0B7396D5}.Release|Any CPU.Build.0 = Release|Any CPU
		{981D4E7B-6EAD-4C00-91DF-30F279501676}.Debug|Any CPU.ActiveCfg = Debug|Any CPU
		{981D4E7B-6EAD-4C00-91DF-30F279501676}.Debug|Any CPU.Build.0 = Debug|Any CPU
		{981D4E7B-6EAD-4C00-91DF-30F279501676}.Release|Any CPU.ActiveCfg = Release|Any CPU
		{981D4E7B-6EAD-4C00-91DF-30F279501676}.Release|Any CPU.Build.0 = Release|Any CPU
		{6F41FE0C-096E-4046-9D56-1EBFA8F1E083}.Debug|Any CPU.ActiveCfg = Debug|Any CPU
		{6F41FE0C-096E-4046-9D56-1EBFA8F1E083}.Debug|Any CPU.Build.0 = Debug|Any CPU
		{6F41FE0C-096E-4046-9D56-1EBFA8F1E083}.Release|Any CPU.ActiveCfg = Release|Any CPU
		{6F41FE0C-096E-4046-9D56-1EBFA8F1E083}.Release|Any CPU.Build.0 = Release|Any CPU
		{1AE0F09E-C740-4D5A-9013-C2269738A92A}.Debug|Any CPU.ActiveCfg = Debug|Any CPU
		{1AE0F09E-C740-4D5A-9013-C2269738A92A}.Debug|Any CPU.Build.0 = Debug|Any CPU
		{1AE0F09E-C740-4D5A-9013-C2269738A92A}.Release|Any CPU.ActiveCfg = Release|Any CPU
		{1AE0F09E-C740-4D5A-9013-C2269738A92A}.Release|Any CPU.Build.0 = Release|Any CPU
	EndGlobalSection
	GlobalSection(SolutionProperties) = preSolution
		HideSolutionNode = FALSE
	EndGlobalSection
	GlobalSection(NestedProjects) = preSolution
		{23B00BC5-EA6F-4065-9C46-D847A96EF7E1} = {408C8D11-F8BC-4DBF-A46E-B16263A7A7EE}
		{8DA9C45B-BB91-430D-88A7-D940E92764E6} = {408C8D11-F8BC-4DBF-A46E-B16263A7A7EE}
		{6C52B78A-B7CC-4447-8B8C-E5DC5ED87748} = {408C8D11-F8BC-4DBF-A46E-B16263A7A7EE}
		{17E0687F-A4FB-4D61-8A68-99BDEE893E7C} = {408C8D11-F8BC-4DBF-A46E-B16263A7A7EE}
		{967094FD-CBE3-4A5D-BBF1-E2C8B1995A23} = {408C8D11-F8BC-4DBF-A46E-B16263A7A7EE}
		{4D5601C0-0938-4A1B-B8B7-B5ACFDAFFAB0} = {408C8D11-F8BC-4DBF-A46E-B16263A7A7EE}
		{144D0FCB-87A7-4B73-BF6C-C31565FB9BA8} = {408C8D11-F8BC-4DBF-A46E-B16263A7A7EE}
		{5450096F-EB35-4BA7-A1C7-E17C890C9657} = {408C8D11-F8BC-4DBF-A46E-B16263A7A7EE}
		{0824E5E6-D262-4AEB-8AE7-069D0B7396D5} = {408C8D11-F8BC-4DBF-A46E-B16263A7A7EE}
		{981D4E7B-6EAD-4C00-91DF-30F279501676} = {408C8D11-F8BC-4DBF-A46E-B16263A7A7EE}
		{6F41FE0C-096E-4046-9D56-1EBFA8F1E083} = {408C8D11-F8BC-4DBF-A46E-B16263A7A7EE}
		{1AE0F09E-C740-4D5A-9013-C2269738A92A} = {408C8D11-F8BC-4DBF-A46E-B16263A7A7EE}
	EndGlobalSection
	GlobalSection(ExtensibilityGlobals) = postSolution
		SolutionGuid = {70C59F86-E282-486A-AD71-CA485927C66F}
	EndGlobalSection
EndGlobal
