
Microsoft Visual Studio Solution File, Format Version 12.00
# Visual Studio Version 16
VisualStudioVersion = 16.0.29519.181
MinimumVisualStudioVersion = 15.0.26124.0
Project("{9A19103F-16F7-4668-BE54-9A1E7A4F7556}") = "HelloWorld", "src\HelloWorld\HelloWorld.csproj", "{74135F78-51B4-4D85-8271-43C646D7322A}"
EndProject
Project("{9A19103F-16F7-4668-BE54-9A1E7A4F7556}") = "Strings", "src\Strings\Strings.csproj", "{20CB898D-B994-4A7B-AA3E-1D8D21ABD5A3}"
EndProject
Project("{9A19103F-16F7-4668-BE54-9A1E7A4F7556}") = "Variables", "src\Variables\Variables.csproj", "{B9A3AF8E-C46F-4E66-AFD8-A11468B3146C}"
EndProject
Global
	GlobalSection(SolutionConfigurationPlatforms) = preSolution
		Debug|Any CPU = Debug|Any CPU
		Debug|x64 = Debug|x64
		Debug|x86 = Debug|x86
		Release|Any CPU = Release|Any CPU
		Release|x64 = Release|x64
		Release|x86 = Release|x86
	EndGlobalSection
	GlobalSection(ProjectConfigurationPlatforms) = postSolution
		{74135F78-51B4-4D85-8271-43C646D7322A}.Debug|Any CPU.ActiveCfg = Debug|Any CPU
		{74135F78-51B4-4D85-8271-43C646D7322A}.Debug|Any CPU.Build.0 = Debug|Any CPU
		{74135F78-51B4-4D85-8271-43C646D7322A}.Debug|x64.ActiveCfg = Debug|Any CPU
		{74135F78-51B4-4D85-8271-43C646D7322A}.Debug|x64.Build.0 = Debug|Any CPU
		{74135F78-51B4-4D85-8271-43C646D7322A}.Debug|x86.ActiveCfg = Debug|Any CPU
		{74135F78-51B4-4D85-8271-43C646D7322A}.Debug|x86.Build.0 = Debug|Any CPU
		{74135F78-51B4-4D85-8271-43C646D7322A}.Release|Any CPU.ActiveCfg = Release|Any CPU
		{74135F78-51B4-4D85-8271-43C646D7322A}.Release|Any CPU.Build.0 = Release|Any CPU
		{74135F78-51B4-4D85-8271-43C646D7322A}.Release|x64.ActiveCfg = Release|Any CPU
		{74135F78-51B4-4D85-8271-43C646D7322A}.Release|x64.Build.0 = Release|Any CPU
		{74135F78-51B4-4D85-8271-43C646D7322A}.Release|x86.ActiveCfg = Release|Any CPU
		{74135F78-51B4-4D85-8271-43C646D7322A}.Release|x86.Build.0 = Release|Any CPU
		{20CB898D-B994-4A7B-AA3E-1D8D21ABD5A3}.Debug|Any CPU.ActiveCfg = Debug|Any CPU
		{20CB898D-B994-4A7B-AA3E-1D8D21ABD5A3}.Debug|Any CPU.Build.0 = Debug|Any CPU
		{20CB898D-B994-4A7B-AA3E-1D8D21ABD5A3}.Debug|x64.ActiveCfg = Debug|Any CPU
		{20CB898D-B994-4A7B-AA3E-1D8D21ABD5A3}.Debug|x64.Build.0 = Debug|Any CPU
		{20CB898D-B994-4A7B-AA3E-1D8D21ABD5A3}.Debug|x86.ActiveCfg = Debug|Any CPU
		{20CB898D-B994-4A7B-AA3E-1D8D21ABD5A3}.Debug|x86.Build.0 = Debug|Any CPU
		{20CB898D-B994-4A7B-AA3E-1D8D21ABD5A3}.Release|Any CPU.ActiveCfg = Release|Any CPU
		{20CB898D-B994-4A7B-AA3E-1D8D21ABD5A3}.Release|Any CPU.Build.0 = Release|Any CPU
		{20CB898D-B994-4A7B-AA3E-1D8D21ABD5A3}.Release|x64.ActiveCfg = Release|Any CPU
		{20CB898D-B994-4A7B-AA3E-1D8D21ABD5A3}.Release|x64.Build.0 = Release|Any CPU
		{20CB898D-B994-4A7B-AA3E-1D8D21ABD5A3}.Release|x86.ActiveCfg = Release|Any CPU
		{20CB898D-B994-4A7B-AA3E-1D8D21ABD5A3}.Release|x86.Build.0 = Release|Any CPU
		{B9A3AF8E-C46F-4E66-AFD8-A11468B3146C}.Debug|Any CPU.ActiveCfg = Debug|Any CPU
		{B9A3AF8E-C46F-4E66-AFD8-A11468B3146C}.Debug|Any CPU.Build.0 = Debug|Any CPU
		{B9A3AF8E-C46F-4E66-AFD8-A11468B3146C}.Debug|x64.ActiveCfg = Debug|Any CPU
		{B9A3AF8E-C46F-4E66-AFD8-A11468B3146C}.Debug|x64.Build.0 = Debug|Any CPU
		{B9A3AF8E-C46F-4E66-AFD8-A11468B3146C}.Debug|x86.ActiveCfg = Debug|Any CPU
		{B9A3AF8E-C46F-4E66-AFD8-A11468B3146C}.Debug|x86.Build.0 = Debug|Any CPU
		{B9A3AF8E-C46F-4E66-AFD8-A11468B3146C}.Release|Any CPU.ActiveCfg = Release|Any CPU
		{B9A3AF8E-C46F-4E66-AFD8-A11468B3146C}.Release|Any CPU.Build.0 = Release|Any CPU
		{B9A3AF8E-C46F-4E66-AFD8-A11468B3146C}.Release|x64.ActiveCfg = Release|Any CPU
		{B9A3AF8E-C46F-4E66-AFD8-A11468B3146C}.Release|x64.Build.0 = Release|Any CPU
		{B9A3AF8E-C46F-4E66-AFD8-A11468B3146C}.Release|x86.ActiveCfg = Release|Any CPU
		{B9A3AF8E-C46F-4E66-AFD8-A11468B3146C}.Release|x86.Build.0 = Release|Any CPU
	EndGlobalSection
	GlobalSection(SolutionProperties) = preSolution
		HideSolutionNode = FALSE
	EndGlobalSection
	GlobalSection(ExtensibilityGlobals) = postSolution
		SolutionGuid = {70C59F86-E282-486A-AD71-CA485927C66F}
	EndGlobalSection
EndGlobal
